
Microsoft Visual Studio Solution File, Format Version 12.00
# Visual Studio Version 17
VisualStudioVersion = 17.14.36429.23 d17.14
MinimumVisualStudioVersion = 10.0.40219.1
Project("{FAE04EC0-301F-11D3-BF4B-00C04F79EFBC}") = "BTH2_LTTQ", "BTH2_LTTQ.csproj", "{F91FAAD8-62FE-4A98-A185-1F7A01B15221}"
EndProject
Global
	GlobalSection(SolutionConfigurationPlatforms) = preSolution
		Debug|Any CPU = Debug|Any CPU
		Release|Any CPU = Release|Any CPU
	EndGlobalSection
	GlobalSection(ProjectConfigurationPlatforms) = postSolution
		{F91FAAD8-62FE-4A98-A185-1F7A01B15221}.Debug|Any CPU.ActiveCfg = Debug|Any CPU
		{F91FAAD8-62FE-4A98-A185-1F7A01B15221}.Debug|Any CPU.Build.0 = Debug|Any CPU
		{F91FAAD8-62FE-4A98-A185-1F7A01B15221}.Release|Any CPU.ActiveCfg = Release|Any CPU
		{F91FAAD8-62FE-4A98-A185-1F7A01B15221}.Release|Any CPU.Build.0 = Release|Any CPU
	EndGlobalSection
	GlobalSection(SolutionProperties) = preSolution
		HideSolutionNode = FALSE
	EndGlobalSection
	GlobalSection(ExtensibilityGlobals) = postSolution
		SolutionGuid = {E370EEEC-3FC6-4055-8CF4-7A36571665B5}
	EndGlobalSection
EndGlobal
